
Microsoft Visual Studio Solution File, Format Version 12.00
# Visual Studio Version 18
VisualStudioVersion = 18.0.11222.15 d18.0
MinimumVisualStudioVersion = 10.0.40219.1
Project("{FAE04EC0-301F-11D3-BF4B-00C04F79EFBC}") = "UnitTestSample01", "UnitTestSample01\UnitTestSample01.csproj", "{E6E54E57-9FDF-4D2D-8CA1-7E9642A46544}"
EndProject
Project("{FAE04EC0-301F-11D3-BF4B-00C04F79EFBC}") = "XunitTestProject", "XunitTestProject\XunitTestProject.csproj", "{7C827AD7-6748-4FA7-9678-348EC72CF2AB}"
EndProject
Project("{FAE04EC0-301F-11D3-BF4B-00C04F79EFBC}") = "XunitTestProject.IntegrationTests", "XunitTestProject.IntegrationTests\XunitTestProject.IntegrationTests.csproj", "{578FCCC2-E86B-4BEC-B475-AE593FD4E28A}"
EndProject
Project("{2150E333-8FDC-42A3-9474-1A3956D46DE8}") = "WebApp", "WebApp", "{02EA681E-C7D8-13C7-8484-4AC65E1B71E8}"
EndProject
Project("{FAE04EC0-301F-11D3-BF4B-00C04F79EFBC}") = "WebApplicationAPI", "Webapp\WebApplicationAPI\WebApplicationAPI.csproj", "{A87017CA-2503-4841-8597-503D67A3AC28}"
EndProject
Project("{FAE04EC0-301F-11D3-BF4B-00C04F79EFBC}") = "WebApplicationAPI.IntegrationTests", "Webapp\WebApplicationAPI.IntegrationTests\WebApplicationAPI.IntegrationTests.csproj", "{74B6CAA1-6483-4119-A030-B6DAF5D5B9F0}"
EndProject
Project("{2150E333-8FDC-42A3-9474-1A3956D46DE8}") = "Solution Items", "Solution Items", "{F0AFAEFC-7214-46F8-A873-6401EF889226}"
	ProjectSection(SolutionItems) = preProject
		.editorconfig = .editorconfig
	EndProjectSection
EndProject
Global
	GlobalSection(SolutionConfigurationPlatforms) = preSolution
		Debug|Any CPU = Debug|Any CPU
		Release|Any CPU = Release|Any CPU
	EndGlobalSection
	GlobalSection(ProjectConfigurationPlatforms) = postSolution
		{E6E54E57-9FDF-4D2D-8CA1-7E9642A46544}.Debug|Any CPU.ActiveCfg = Debug|Any CPU
		{E6E54E57-9FDF-4D2D-8CA1-7E9642A46544}.Debug|Any CPU.Build.0 = Debug|Any CPU
		{E6E54E57-9FDF-4D2D-8CA1-7E9642A46544}.Release|Any CPU.ActiveCfg = Release|Any CPU
		{E6E54E57-9FDF-4D2D-8CA1-7E9642A46544}.Release|Any CPU.Build.0 = Release|Any CPU
		{7C827AD7-6748-4FA7-9678-348EC72CF2AB}.Debug|Any CPU.ActiveCfg = Debug|Any CPU
		{7C827AD7-6748-4FA7-9678-348EC72CF2AB}.Debug|Any CPU.Build.0 = Debug|Any CPU
		{7C827AD7-6748-4FA7-9678-348EC72CF2AB}.Release|Any CPU.ActiveCfg = Release|Any CPU
		{7C827AD7-6748-4FA7-9678-348EC72CF2AB}.Release|Any CPU.Build.0 = Release|Any CPU
		{578FCCC2-E86B-4BEC-B475-AE593FD4E28A}.Debug|Any CPU.ActiveCfg = Debug|Any CPU
		{578FCCC2-E86B-4BEC-B475-AE593FD4E28A}.Debug|Any CPU.Build.0 = Debug|Any CPU
		{578FCCC2-E86B-4BEC-B475-AE593FD4E28A}.Release|Any CPU.ActiveCfg = Release|Any CPU
		{578FCCC2-E86B-4BEC-B475-AE593FD4E28A}.Release|Any CPU.Build.0 = Release|Any CPU
		{A87017CA-2503-4841-8597-503D67A3AC28}.Debug|Any CPU.ActiveCfg = Debug|Any CPU
		{A87017CA-2503-4841-8597-503D67A3AC28}.Debug|Any CPU.Build.0 = Debug|Any CPU
		{A87017CA-2503-4841-8597-503D67A3AC28}.Release|Any CPU.ActiveCfg = Release|Any CPU
		{A87017CA-2503-4841-8597-503D67A3AC28}.Release|Any CPU.Build.0 = Release|Any CPU
		{74B6CAA1-6483-4119-A030-B6DAF5D5B9F0}.Debug|Any CPU.ActiveCfg = Debug|Any CPU
		{74B6CAA1-6483-4119-A030-B6DAF5D5B9F0}.Debug|Any CPU.Build.0 = Debug|Any CPU
		{74B6CAA1-6483-4119-A030-B6DAF5D5B9F0}.Release|Any CPU.ActiveCfg = Release|Any CPU
		{74B6CAA1-6483-4119-A030-B6DAF5D5B9F0}.Release|Any CPU.Build.0 = Release|Any CPU
	EndGlobalSection
	GlobalSection(SolutionProperties) = preSolution
		HideSolutionNode = FALSE
	EndGlobalSection
	GlobalSection(NestedProjects) = preSolution
		{A87017CA-2503-4841-8597-503D67A3AC28} = {02EA681E-C7D8-13C7-8484-4AC65E1B71E8}
		{74B6CAA1-6483-4119-A030-B6DAF5D5B9F0} = {02EA681E-C7D8-13C7-8484-4AC65E1B71E8}
	EndGlobalSection
	GlobalSection(ExtensibilityGlobals) = postSolution
		SolutionGuid = {088A8B0A-FA03-4F6F-94F5-4447C9E6BE67}
	EndGlobalSection
EndGlobal
